<?xml version="1.0" encoding="utf-8"?>
<Project ToolsVersion="4.0" xmlns="http://schemas.microsoft.com/developer/msbuild/2003">
  <ItemGroup>
    <ClCompile Include="Animation.cpp" />
    <ClCompile Include="Animator.cpp" />
    <ClCompile Include="Application.cpp" />
    <ClCompile Include="Button.cpp" />
    <ClCompile Include="Canvas.cpp" />
    <ClCompile Include="CollisionManager.cpp" />
    <ClCompile Include="Entity.cpp" />
    <ClCompile Include="EntityManager.cpp" />
    <ClCompile Include="Image.cpp" />
    <ClCompile Include="InputManager.cpp" />
    <ClCompile Include="main.cpp" />
    <ClCompile Include="SoundManager.cpp" />
    <ClCompile Include="Text.cpp" />
    <ClCompile Include="TextureManager.cpp" />
    <ClCompile Include="Time.cpp" />
    <ClCompile Include="UIButton.cpp" />
    <ClCompile Include="UIManager.cpp" />
    <ClCompile Include="Window.cpp" />
  </ItemGroup>
  <ItemGroup>
    <ClInclude Include="Animation.h" />
    <ClInclude Include="Animator.h" />
    <ClInclude Include="Application.h" />
    <ClInclude Include="Button.h" />
    <ClInclude Include="Canvas.h" />
    <ClInclude Include="Collider.h" />
    <ClInclude Include="CollisionManager.h" />
    <ClInclude Include="Entity.h" />
    <ClInclude Include="EntityManager.h" />
    <ClInclude Include="GameElement.h" />
    <ClInclude Include="Image.h" />
    <ClInclude Include="InputManager.h" />
    <ClInclude Include="resource.h" />
    <ClInclude Include="SoundManager.h" />
    <ClInclude Include="Text.h" />
    <ClInclude Include="TextureManager.h" />
    <ClInclude Include="Time.h" />
    <ClInclude Include="UIButton.h" />
    <ClInclude Include="UIManager.h" />
    <ClInclude Include="Vector2D.h" />
    <ClInclude Include="Window.h" />
  </ItemGroup>
  <ItemGroup>
    <ResourceCompile Include="Engine.rc" />
  </ItemGroup>
  <ItemGroup>
    <None Include="packages.config" />
  </ItemGroup>
</Project>